
Microsoft Visual Studio Solution File, Format Version 12.00
# Visual Studio 15
VisualStudioVersion = 15.0.26730.16
MinimumVisualStudioVersion = 10.0.40219.1
Project("{FAE04EC0-301F-11D3-BF4B-00C04F79EFBC}") = "ToutiaoNews", "ToutiaoNews\ToutiaoNews.csproj", "{975E4D5C-C120-4AD2-9555-847060DE3F54}"
EndProject
Global
	GlobalSection(SolutionConfigurationPlatforms) = preSolution
		Debug|Any CPU = Debug|Any CPU
		Release|Any CPU = Release|Any CPU
	EndGlobalSection
	GlobalSection(ProjectConfigurationPlatforms) = postSolution
		{975E4D5C-C120-4AD2-9555-847060DE3F54}.Debug|Any CPU.ActiveCfg = Debug|Any CPU
		{975E4D5C-C120-4AD2-9555-847060DE3F54}.Debug|Any CPU.Build.0 = Debug|Any CPU
		{975E4D5C-C120-4AD2-9555-847060DE3F54}.Release|Any CPU.ActiveCfg = Release|Any CPU
		{975E4D5C-C120-4AD2-9555-847060DE3F54}.Release|Any CPU.Build.0 = Release|Any CPU
	EndGlobalSection
	GlobalSection(SolutionProperties) = preSolution
		HideSolutionNode = FALSE
	EndGlobalSection
	GlobalSection(ExtensibilityGlobals) = postSolution
		SolutionGuid = {F16E8841-D8F5-4D4A-AD04-01C90C018D34}
	EndGlobalSection
EndGlobal
